
Microsoft Visual Studio Solution File, Format Version 12.00
# Visual Studio Version 17
VisualStudioVersion = 17.7.34024.191
MinimumVisualStudioVersion = 10.0.40219.1
Project("{FAE04EC0-301F-11D3-BF4B-00C04F79EFBC}") = "PaymentService.TestDoubles", "PaymentService.TestDoubles\PaymentService.TestDoubles.csproj", "{46D32B61-EA11-4092-A828-20C589FB678C}"
EndProject
Project("{9A19103F-16F7-4668-BE54-9A1E7A4F7556}") = "PaymentService", "PaymentService\PaymentService.csproj", "{CE7CEAD8-0C40-45A4-8592-3CE879C0DEF0}"
EndProject
Project("{9A19103F-16F7-4668-BE54-9A1E7A4F7556}") = "PaymentService.Tests", "PaymentService.Tests\PaymentService.Tests.csproj", "{4219E5EF-C86F-442F-BC4E-CE17707D485F}"
EndProject
Global
	GlobalSection(SolutionConfigurationPlatforms) = preSolution
		Debug|Any CPU = Debug|Any CPU
		Release|Any CPU = Release|Any CPU
	EndGlobalSection
	GlobalSection(ProjectConfigurationPlatforms) = postSolution
		{46D32B61-EA11-4092-A828-20C589FB678C}.Debug|Any CPU.ActiveCfg = Debug|Any CPU
		{46D32B61-EA11-4092-A828-20C589FB678C}.Debug|Any CPU.Build.0 = Debug|Any CPU
		{46D32B61-EA11-4092-A828-20C589FB678C}.Release|Any CPU.ActiveCfg = Release|Any CPU
		{46D32B61-EA11-4092-A828-20C589FB678C}.Release|Any CPU.Build.0 = Release|Any CPU
		{CE7CEAD8-0C40-45A4-8592-3CE879C0DEF0}.Debug|Any CPU.ActiveCfg = Debug|Any CPU
		{CE7CEAD8-0C40-45A4-8592-3CE879C0DEF0}.Debug|Any CPU.Build.0 = Debug|Any CPU
		{CE7CEAD8-0C40-45A4-8592-3CE879C0DEF0}.Release|Any CPU.ActiveCfg = Release|Any CPU
		{CE7CEAD8-0C40-45A4-8592-3CE879C0DEF0}.Release|Any CPU.Build.0 = Release|Any CPU
		{4219E5EF-C86F-442F-BC4E-CE17707D485F}.Debug|Any CPU.ActiveCfg = Debug|Any CPU
		{4219E5EF-C86F-442F-BC4E-CE17707D485F}.Debug|Any CPU.Build.0 = Debug|Any CPU
		{4219E5EF-C86F-442F-BC4E-CE17707D485F}.Release|Any CPU.ActiveCfg = Release|Any CPU
		{4219E5EF-C86F-442F-BC4E-CE17707D485F}.Release|Any CPU.Build.0 = Release|Any CPU
	EndGlobalSection
	GlobalSection(SolutionProperties) = preSolution
		HideSolutionNode = FALSE
	EndGlobalSection
	GlobalSection(ExtensibilityGlobals) = postSolution
		SolutionGuid = {5F2F535E-2685-4C61-A50E-810C38CCD4E4}
	EndGlobalSection
EndGlobal
